
Microsoft Visual Studio Solution File, Format Version 12.00
# Visual Studio Version 16
VisualStudioVersion = 16.0.31605.320
MinimumVisualStudioVersion = 10.0.40219.1
Project("{9A19103F-16F7-4668-BE54-9A1E7A4F7556}") = "Mash.AhoCoraSick.NET", "Mash.AhoCoraSick.NET\Mash.AhoCoraSick.NET.csproj", "{13F74AFC-AB70-4CE5-8CC9-1B30CC7F9253}"
EndProject
Project("{9A19103F-16F7-4668-BE54-9A1E7A4F7556}") = "Mash.HelperMethods.NET", "Mash.HelperMethods.NET\Mash.HelperMethods.NET.csproj", "{F1F9C0BE-6749-42B6-AA62-BFF822288AF9}"
EndProject
Global
	GlobalSection(SolutionConfigurationPlatforms) = preSolution
		Debug|Any CPU = Debug|Any CPU
		Release|Any CPU = Release|Any CPU
	EndGlobalSection
	GlobalSection(ProjectConfigurationPlatforms) = postSolution
		{13F74AFC-AB70-4CE5-8CC9-1B30CC7F9253}.Debug|Any CPU.ActiveCfg = Debug|Any CPU
		{13F74AFC-AB70-4CE5-8CC9-1B30CC7F9253}.Debug|Any CPU.Build.0 = Debug|Any CPU
		{13F74AFC-AB70-4CE5-8CC9-1B30CC7F9253}.Release|Any CPU.ActiveCfg = Release|Any CPU
		{13F74AFC-AB70-4CE5-8CC9-1B30CC7F9253}.Release|Any CPU.Build.0 = Release|Any CPU
		{F1F9C0BE-6749-42B6-AA62-BFF822288AF9}.Debug|Any CPU.ActiveCfg = Debug|Any CPU
		{F1F9C0BE-6749-42B6-AA62-BFF822288AF9}.Debug|Any CPU.Build.0 = Debug|Any CPU
		{F1F9C0BE-6749-42B6-AA62-BFF822288AF9}.Release|Any CPU.ActiveCfg = Release|Any CPU
		{F1F9C0BE-6749-42B6-AA62-BFF822288AF9}.Release|Any CPU.Build.0 = Release|Any CPU
	EndGlobalSection
	GlobalSection(SolutionProperties) = preSolution
		HideSolutionNode = FALSE
	EndGlobalSection
	GlobalSection(ExtensibilityGlobals) = postSolution
		SolutionGuid = {D0E98154-93DB-4855-9F90-BE5D47B6A146}
	EndGlobalSection
EndGlobal
